<?xml version="1.0" encoding="utf-8"?>
<Project ToolsVersion="4.0" xmlns="http://schemas.microsoft.com/developer/msbuild/2003">
  <ItemGroup>
    <Filter Include="KamataEngine">
      <UniqueIdentifier>{4FC737F1-C7A5-4376-A066-2A32D752A2FF}</UniqueIdentifier>
      <Extensions>cpp;c;cc;cxx;c++;cppm;ixx;def;odl;idl;hpj;bat;asm;asmx</Extensions>
    </Filter>
    <Filter Include="KamataEngine\Source">
      <UniqueIdentifier>{d966e9f8-e880-44ae-8586-a08515e4cffc}</UniqueIdentifier>
    </Filter>
    <Filter Include="KamataEngine\Include">
      <UniqueIdentifier>{4aae4e40-94f7-4d32-9a91-c0c37a2edf0d}</UniqueIdentifier>
    </Filter>
    <Filter Include="KamataEngine\Adapter">
      <UniqueIdentifier>{c6468eb4-788b-4a83-b207-a5f4804e56c5}</UniqueIdentifier>
    </Filter>
    <Filter Include="Class">
      <UniqueIdentifier>{1d68c9a8-8d3b-487e-805e-81105fe51423}</UniqueIdentifier>
    </Filter>
    <Filter Include="Class\IScene">
      <UniqueIdentifier>{4d69232f-d98f-465b-9bc9-aa0db8ac1b80}</UniqueIdentifier>
    </Filter>
    <Filter Include="Class\IObject">
      <UniqueIdentifier>{30aaa409-1e1f-41e8-8151-f47b50191779}</UniqueIdentifier>
    </Filter>
    <Filter Include="Class\IObject\Player">
      <UniqueIdentifier>{d953ad3f-eba5-4fae-b0db-56c2c2b33dca}</UniqueIdentifier>
    </Filter>
    <Filter Include="Class\IObject\Enemy">
      <UniqueIdentifier>{1b348300-c6a6-4e8d-983e-b39455a1fbf6}</UniqueIdentifier>
    </Filter>
    <Filter Include="Class\IObject\Bullet">
      <UniqueIdentifier>{f4cad94f-919a-4a47-b24c-63389c66d4c1}</UniqueIdentifier>
    </Filter>
    <Filter Include="Math">
      <UniqueIdentifier>{88b483fb-484d-4c65-a7d8-db48a3f27e75}</UniqueIdentifier>
    </Filter>
    <Filter Include="Math\Vector2">
      <UniqueIdentifier>{26529a0b-a659-45a6-9c66-7e19ab8a998c}</UniqueIdentifier>
    </Filter>
    <Filter Include="Class\GameManager">
      <UniqueIdentifier>{28c6a814-1fe1-4309-93ac-fefdf51cd453}</UniqueIdentifier>
    </Filter>
    <Filter Include="Class\InputManager">
      <UniqueIdentifier>{bbf9c0bc-b224-462d-b1c2-5a2bc7b0f683}</UniqueIdentifier>
    </Filter>
    <Filter Include="Class\IScene\ClearScene">
      <UniqueIdentifier>{6541ac5c-f7d9-4c9a-93ac-4be3584d5ca5}</UniqueIdentifier>
    </Filter>
    <Filter Include="Class\IScene\StageScene">
      <UniqueIdentifier>{8c93bf3b-2b9f-4d47-9885-76099303d23c}</UniqueIdentifier>
    </Filter>
    <Filter Include="Class\IScene\TitleScene">
      <UniqueIdentifier>{6a067529-62b4-4393-bbca-706c08eb7f22}</UniqueIdentifier>
    </Filter>
    <Filter Include="Class\IObject\Bg">
      <UniqueIdentifier>{0d0058fd-14ed-4d85-b9c6-b97bd7f8684a}</UniqueIdentifier>
    </Filter>
  </ItemGroup>
  <ItemGroup>
    <ClCompile Include="main.cpp" />
    <ClCompile Include="C:\KamataEngine\Adapter\Novice.cpp">
      <Filter>KamataEngine\Adapter</Filter>
    </ClCompile>
    <ClCompile Include="Class\IObject\IObject.cpp">
      <Filter>Class\IObject</Filter>
    </ClCompile>
    <ClCompile Include="Class\IObject\Enemy\Enemy.cpp">
      <Filter>Class\IObject\Enemy</Filter>
    </ClCompile>
    <ClCompile Include="Class\IObject\Bullet\Bullet.cpp">
      <Filter>Class\IObject\Bullet</Filter>
    </ClCompile>
    <ClCompile Include="Class\IObject\Player\Player.cpp">
      <Filter>Class\IObject\Player</Filter>
    </ClCompile>
    <ClCompile Include="Class\IScene\IScene.cpp">
      <Filter>Class\IScene</Filter>
    </ClCompile>
    <ClCompile Include="Class\IScene\TitleScene\TitleScene.cpp">
      <Filter>Class\IScene\TitleScene</Filter>
    </ClCompile>
    <ClCompile Include="Class\IScene\StageScene\StageScene.cpp">
      <Filter>Class\IScene\StageScene</Filter>
    </ClCompile>
    <ClCompile Include="Class\IScene\ClearScene\ClearScene.cpp">
      <Filter>Class\IScene\ClearScene</Filter>
    </ClCompile>
    <ClCompile Include="Math\Vector2\Vector2.cpp">
      <Filter>Math\Vector2</Filter>
    </ClCompile>
    <ClCompile Include="Class\GameManager\GameManager.cpp">
      <Filter>Class\GameManager</Filter>
    </ClCompile>
    <ClCompile Include="Class\InputManager\InputManager.cpp">
      <Filter>Class\InputManager</Filter>
    </ClCompile>
    <ClCompile Include="Class\IObject\Bg\Bg.cpp">
      <Filter>Class\IObject\Bg</Filter>
    </ClCompile>
  </ItemGroup>
  <ItemGroup>
    <ClInclude Include="C:\KamataEngine\DirectXGame\audio\Audio.h">
      <Filter>KamataEngine\Include</Filter>
    </ClInclude>
    <ClInclude Include="C:\KamataEngine\DirectXGame\2d\DebugText.h">
      <Filter>KamataEngine\Include</Filter>
    </ClInclude>
    <ClInclude Include="C:\KamataEngine\DirectXGame\base\DirectXCommon.h">
      <Filter>KamataEngine\Include</Filter>
    </ClInclude>
    <ClInclude Include="C:\KamataEngine\DirectXGame\scene\GameScene.h">
      <Filter>KamataEngine\Include</Filter>
    </ClInclude>
    <ClInclude Include="C:\KamataEngine\DirectXGame\input\Input.h">
      <Filter>KamataEngine\Include</Filter>
    </ClInclude>
    <ClInclude Include="C:\KamataEngine\DirectXGame\3d\Model.h">
      <Filter>KamataEngine\Include</Filter>
    </ClInclude>
    <ClInclude Include="C:\KamataEngine\DirectXGame\base\SafeDelete.h">
      <Filter>KamataEngine\Include</Filter>
    </ClInclude>
    <ClInclude Include="C:\KamataEngine\DirectXGame\2d\Sprite.h">
      <Filter>KamataEngine\Include</Filter>
    </ClInclude>
    <ClInclude Include="C:\KamataEngine\DirectXGame\base\TextureManager.h">
      <Filter>KamataEngine\Include</Filter>
    </ClInclude>
    <ClInclude Include="C:\KamataEngine\DirectXGame\base\WinApp.h">
      <Filter>KamataEngine\Include</Filter>
    </ClInclude>
    <ClInclude Include="C:\KamataEngine\DirectXGame\3d\WorldTransform.h">
      <Filter>KamataEngine\Include</Filter>
    </ClInclude>
    <ClInclude Include="C:\KamataEngine\Adapter\Novice.h">
      <Filter>KamataEngine\Adapter</Filter>
    </ClInclude>
    <ClInclude Include="C:\KamataEngine\DirectXGame\3d\CircleShadow.h">
      <Filter>KamataEngine\Include</Filter>
    </ClInclude>
    <ClInclude Include="C:\KamataEngine\DirectXGame\3d\DebugCamera.h">
      <Filter>KamataEngine\Include</Filter>
    </ClInclude>
    <ClInclude Include="C:\KamataEngine\DirectXGame\3d\DirectionalLight.h">
      <Filter>KamataEngine\Include</Filter>
    </ClInclude>
    <ClInclude Include="C:\KamataEngine\DirectXGame\3d\LightGroup.h">
      <Filter>KamataEngine\Include</Filter>
    </ClInclude>
    <ClInclude Include="C:\KamataEngine\DirectXGame\3d\Material.h">
      <Filter>KamataEngine\Include</Filter>
    </ClInclude>
    <ClInclude Include="C:\KamataEngine\DirectXGame\3d\Mesh.h">
      <Filter>KamataEngine\Include</Filter>
    </ClInclude>
    <ClInclude Include="C:\KamataEngine\DirectXGame\3d\PointLight.h">
      <Filter>KamataEngine\Include</Filter>
    </ClInclude>
    <ClInclude Include="C:\KamataEngine\DirectXGame\3d\SpotLight.h">
      <Filter>KamataEngine\Include</Filter>
    </ClInclude>
    <ClInclude Include="C:\KamataEngine\DirectXGame\base\StringUtility.h">
      <Filter>KamataEngine\Include</Filter>
    </ClInclude>
    <ClInclude Include="..\DirectXGame\3d\Camera.h">
      <Filter>KamataEngine\Include</Filter>
    </ClInclude>
    <ClInclude Include="C:\KamataEngine\DirectXGame\math\Matrix4x4.h">
      <Filter>KamataEngine\Include</Filter>
    </ClInclude>
    <ClInclude Include="C:\KamataEngine\DirectXGame\math\Vector2.h">
      <Filter>KamataEngine\Include</Filter>
    </ClInclude>
    <ClInclude Include="C:\KamataEngine\DirectXGame\math\Vector3.h">
      <Filter>KamataEngine\Include</Filter>
    </ClInclude>
    <ClInclude Include="C:\KamataEngine\DirectXGame\math\Vector4.h">
      <Filter>KamataEngine\Include</Filter>
    </ClInclude>
    <ClInclude Include="C:\KamataEngine\DirectXGame\2d\ImGuiManager.h">
      <Filter>KamataEngine\Include</Filter>
    </ClInclude>
    <ClInclude Include="Class\IObject\IObject.h">
      <Filter>Class\IObject</Filter>
    </ClInclude>
    <ClInclude Include="Class\IObject\Enemy\Enemy.h">
      <Filter>Class\IObject\Enemy</Filter>
    </ClInclude>
    <ClInclude Include="Class\IObject\Bullet\Bullet.h">
      <Filter>Class\IObject\Bullet</Filter>
    </ClInclude>
    <ClInclude Include="Class\IObject\Player\Player.h">
      <Filter>Class\IObject\Player</Filter>
    </ClInclude>
    <ClInclude Include="Class\IScene\IScene.h">
      <Filter>Class\IScene</Filter>
    </ClInclude>
    <ClInclude Include="Class\IScene\TitleScene\TitleScene.h">
      <Filter>Class\IScene\TitleScene</Filter>
    </ClInclude>
    <ClInclude Include="Class\IScene\StageScene\StageScene.h">
      <Filter>Class\IScene\StageScene</Filter>
    </ClInclude>
    <ClInclude Include="Class\IScene\ClearScene\ClearScene.h">
      <Filter>Class\IScene\ClearScene</Filter>
    </ClInclude>
    <ClInclude Include="Math\Vector2\Vector2.h">
      <Filter>Math\Vector2</Filter>
    </ClInclude>
    <ClInclude Include="Class\GameManager\GameManager.h">
      <Filter>Class\GameManager</Filter>
    </ClInclude>
    <ClInclude Include="Class\InputManager\InputManager.h">
      <Filter>Class\InputManager</Filter>
    </ClInclude>
    <ClInclude Include="Class\IObject\Bg\Bg.h">
      <Filter>Class\IObject\Bg</Filter>
    </ClInclude>
  </ItemGroup>
</Project>