<?xml version="1.0" encoding="utf-8"?>
<Project ToolsVersion="4.0" xmlns="http://schemas.microsoft.com/developer/msbuild/2003">
  <ItemGroup>
    <Filter Include="KamataEngine">
      <UniqueIdentifier>{4FC737F1-C7A5-4376-A066-2A32D752A2FF}</UniqueIdentifier>
      <Extensions>cpp;c;cc;cxx;c++;cppm;ixx;def;odl;idl;hpj;bat;asm;asmx</Extensions>
    </Filter>
    <Filter Include="KamataEngine\Source">
      <UniqueIdentifier>{d966e9f8-e880-44ae-8586-a08515e4cffc}</UniqueIdentifier>
    </Filter>
    <Filter Include="KamataEngine\Include">
      <UniqueIdentifier>{4aae4e40-94f7-4d32-9a91-c0c37a2edf0d}</UniqueIdentifier>
    </Filter>
    <Filter Include="KamataEngine\Adapter">
      <UniqueIdentifier>{c6468eb4-788b-4a83-b207-a5f4804e56c5}</UniqueIdentifier>
    </Filter>
    <Filter Include="Class">
      <UniqueIdentifier>{449d6e8f-a778-400a-b403-3bce8711cad7}</UniqueIdentifier>
    </Filter>
    <Filter Include="Class\GameManager">
      <UniqueIdentifier>{099ca639-2c9d-4f59-a4a0-2cc78e843a91}</UniqueIdentifier>
    </Filter>
    <Filter Include="Class\IScene">
      <UniqueIdentifier>{f76afe17-5404-4dc1-b4ad-d6d214e7c363}</UniqueIdentifier>
    </Filter>
    <Filter Include="Class\IScene\StageScene">
      <UniqueIdentifier>{a268b740-3c01-49fe-953d-9598151e7de9}</UniqueIdentifier>
    </Filter>
    <Filter Include="Class\IStageSceneCommand">
      <UniqueIdentifier>{cad70ad3-6d2a-4ce7-9e39-0d72cbe9a8b2}</UniqueIdentifier>
    </Filter>
    <Filter Include="Class\Unit">
      <UniqueIdentifier>{74a47740-bd92-4d59-bd9a-e97fa451c931}</UniqueIdentifier>
    </Filter>
    <Filter Include="Class\Selector">
      <UniqueIdentifier>{48e4f786-2ef1-4521-8d58-ddf856ece6e7}</UniqueIdentifier>
    </Filter>
  </ItemGroup>
  <ItemGroup>
    <ClCompile Include="main.cpp" />
    <ClCompile Include="C:\KamataEngine\Adapter\Novice.cpp">
      <Filter>KamataEngine\Adapter</Filter>
    </ClCompile>
    <ClCompile Include="Class\GameManager\GameManager.cpp">
      <Filter>Class\GameManager</Filter>
    </ClCompile>
    <ClCompile Include="Class\IScene\IScene.cpp">
      <Filter>Class\IScene</Filter>
    </ClCompile>
    <ClCompile Include="Class\IScene\StageScene\StageScene.cpp">
      <Filter>Class\IScene\StageScene</Filter>
    </ClCompile>
    <ClCompile Include="Class\IStageSceneCommand\IStageSceneCommand.cpp">
      <Filter>Class\IStageSceneCommand</Filter>
    </ClCompile>
    <ClCompile Include="Class\Selector\Selector.cpp">
      <Filter>Class\Selector</Filter>
    </ClCompile>
    <ClCompile Include="Class\Unit\Unit.cpp">
      <Filter>Class\Unit</Filter>
    </ClCompile>
  </ItemGroup>
  <ItemGroup>
    <ClInclude Include="C:\KamataEngine\DirectXGame\audio\Audio.h">
      <Filter>KamataEngine\Include</Filter>
    </ClInclude>
    <ClInclude Include="C:\KamataEngine\DirectXGame\2d\DebugText.h">
      <Filter>KamataEngine\Include</Filter>
    </ClInclude>
    <ClInclude Include="C:\KamataEngine\DirectXGame\base\DirectXCommon.h">
      <Filter>KamataEngine\Include</Filter>
    </ClInclude>
    <ClInclude Include="C:\KamataEngine\DirectXGame\scene\GameScene.h">
      <Filter>KamataEngine\Include</Filter>
    </ClInclude>
    <ClInclude Include="C:\KamataEngine\DirectXGame\input\Input.h">
      <Filter>KamataEngine\Include</Filter>
    </ClInclude>
    <ClInclude Include="C:\KamataEngine\DirectXGame\3d\Model.h">
      <Filter>KamataEngine\Include</Filter>
    </ClInclude>
    <ClInclude Include="C:\KamataEngine\DirectXGame\base\SafeDelete.h">
      <Filter>KamataEngine\Include</Filter>
    </ClInclude>
    <ClInclude Include="C:\KamataEngine\DirectXGame\2d\Sprite.h">
      <Filter>KamataEngine\Include</Filter>
    </ClInclude>
    <ClInclude Include="C:\KamataEngine\DirectXGame\base\TextureManager.h">
      <Filter>KamataEngine\Include</Filter>
    </ClInclude>
    <ClInclude Include="C:\KamataEngine\DirectXGame\base\WinApp.h">
      <Filter>KamataEngine\Include</Filter>
    </ClInclude>
    <ClInclude Include="C:\KamataEngine\DirectXGame\3d\WorldTransform.h">
      <Filter>KamataEngine\Include</Filter>
    </ClInclude>
    <ClInclude Include="C:\KamataEngine\Adapter\Novice.h">
      <Filter>KamataEngine\Adapter</Filter>
    </ClInclude>
    <ClInclude Include="C:\KamataEngine\DirectXGame\3d\CircleShadow.h">
      <Filter>KamataEngine\Include</Filter>
    </ClInclude>
    <ClInclude Include="C:\KamataEngine\DirectXGame\3d\DebugCamera.h">
      <Filter>KamataEngine\Include</Filter>
    </ClInclude>
    <ClInclude Include="C:\KamataEngine\DirectXGame\3d\DirectionalLight.h">
      <Filter>KamataEngine\Include</Filter>
    </ClInclude>
    <ClInclude Include="C:\KamataEngine\DirectXGame\3d\LightGroup.h">
      <Filter>KamataEngine\Include</Filter>
    </ClInclude>
    <ClInclude Include="C:\KamataEngine\DirectXGame\3d\Material.h">
      <Filter>KamataEngine\Include</Filter>
    </ClInclude>
    <ClInclude Include="C:\KamataEngine\DirectXGame\3d\Mesh.h">
      <Filter>KamataEngine\Include</Filter>
    </ClInclude>
    <ClInclude Include="C:\KamataEngine\DirectXGame\3d\PointLight.h">
      <Filter>KamataEngine\Include</Filter>
    </ClInclude>
    <ClInclude Include="C:\KamataEngine\DirectXGame\3d\SpotLight.h">
      <Filter>KamataEngine\Include</Filter>
    </ClInclude>
    <ClInclude Include="C:\KamataEngine\DirectXGame\base\StringUtility.h">
      <Filter>KamataEngine\Include</Filter>
    </ClInclude>
    <ClInclude Include="..\DirectXGame\3d\Camera.h">
      <Filter>KamataEngine\Include</Filter>
    </ClInclude>
    <ClInclude Include="C:\KamataEngine\DirectXGame\math\Matrix4x4.h">
      <Filter>KamataEngine\Include</Filter>
    </ClInclude>
    <ClInclude Include="C:\KamataEngine\DirectXGame\math\Vector2.h">
      <Filter>KamataEngine\Include</Filter>
    </ClInclude>
    <ClInclude Include="C:\KamataEngine\DirectXGame\math\Vector3.h">
      <Filter>KamataEngine\Include</Filter>
    </ClInclude>
    <ClInclude Include="C:\KamataEngine\DirectXGame\math\Vector4.h">
      <Filter>KamataEngine\Include</Filter>
    </ClInclude>
    <ClInclude Include="C:\KamataEngine\DirectXGame\2d\ImGuiManager.h">
      <Filter>KamataEngine\Include</Filter>
    </ClInclude>
    <ClInclude Include="Class\GameManager\GameManager.h">
      <Filter>Class\GameManager</Filter>
    </ClInclude>
    <ClInclude Include="Class\IScene\IScene.h">
      <Filter>Class\IScene</Filter>
    </ClInclude>
    <ClInclude Include="Class\IScene\StageScene\StageScene.h">
      <Filter>Class\IScene\StageScene</Filter>
    </ClInclude>
    <ClInclude Include="Class\IStageSceneCommand\IStageSceneCommand.h">
      <Filter>Class\IStageSceneCommand</Filter>
    </ClInclude>
    <ClInclude Include="Class\Selector\Selector.h">
      <Filter>Class\Selector</Filter>
    </ClInclude>
    <ClInclude Include="Class\Unit\Unit.h">
      <Filter>Class\Unit</Filter>
    </ClInclude>
  </ItemGroup>
</Project>